
Microsoft Visual Studio Solution File, Format Version 12.00
# Visual Studio Version 17
VisualStudioVersion = 17.14.37411.7 d17.14
MinimumVisualStudioVersion = 10.0.40219.1
Project("{FAE04EC0-301F-11D3-BF4B-00C04F79EFBC}") = "INFASS", "INFASS.csproj", "{7468165C-5232-4ABE-A5DD-4A5B354E06C6}"
EndProject
Global
	GlobalSection(SolutionConfigurationPlatforms) = preSolution
		Debug|Any CPU = Debug|Any CPU
		Release|Any CPU = Release|Any CPU
	EndGlobalSection
	GlobalSection(ProjectConfigurationPlatforms) = postSolution
		{7468165C-5232-4ABE-A5DD-4A5B354E06C6}.Debug|Any CPU.ActiveCfg = Debug|Any CPU
		{7468165C-5232-4ABE-A5DD-4A5B354E06C6}.Debug|Any CPU.Build.0 = Debug|Any CPU
		{7468165C-5232-4ABE-A5DD-4A5B354E06C6}.Release|Any CPU.ActiveCfg = Release|Any CPU
		{7468165C-5232-4ABE-A5DD-4A5B354E06C6}.Release|Any CPU.Build.0 = Release|Any CPU
	EndGlobalSection
	GlobalSection(SolutionProperties) = preSolution
		HideSolutionNode = FALSE
	EndGlobalSection
	GlobalSection(ExtensibilityGlobals) = postSolution
		SolutionGuid = {4BDC2111-802B-4FFE-A1E0-703B61E31CA9}
	EndGlobalSection
EndGlobal
